// !$*UTF8*$!
{
	archiveVersion = 1;
	classes = {
	};
	objectVersion = 46;
	objects = {

/* Begin PBXBuildFile section */
		A060B2E91BCD401100FA6D1B /* AppDelegate.swift in Sources */ = {isa = PBXBuildFile; fileRef = A060B2E81BCD401100FA6D1B /* AppDelegate.swift */; };
		A060B2EB1BCD401100FA6D1B /* ViewController.swift in Sources */ = {isa = PBXBuildFile; fileRef = A060B2EA1BCD401100FA6D1B /* ViewController.swift */; };
		A060B2EE1BCD401100FA6D1B /* Main.storyboard in Resources */ = {isa = PBXBuildFile; fileRef = A060B2EC1BCD401100FA6D1B /* Main.storyboard */; };
		A060B2F01BCD401100FA6D1B /* Assets.xcassets in Resources */ = {isa = PBXBuildFile; fileRef = A060B2EF1BCD401100FA6D1B /* Assets.xcassets */; };
		A060B2F31BCD401100FA6D1B /* LaunchScreen.storyboard in Resources */ = {isa = PBXBuildFile; fileRef = A060B2F11BCD401100FA6D1B /* LaunchScreen.storyboard */; };
		A060B2FE1BCD401100FA6D1B /* weixin2Tests.swift in Sources */ = {isa = PBXBuildFile; fileRef = A060B2FD1BCD401100FA6D1B /* weixin2Tests.swift */; };
		A060B3091BCD401100FA6D1B /* weixin2UITests.swift in Sources */ = {isa = PBXBuildFile; fileRef = A060B3081BCD401100FA6D1B /* weixin2UITests.swift */; };
/* End PBXBuildFile section */

/* Begin PBXContainerItemProxy section */
		A060B2FA1BCD401100FA6D1B /* PBXContainerItemProxy */ = {
			isa = PBXContainerItemProxy;
			containerPortal = A060B2DD1BCD401100FA6D1B /* Project object */;
			proxyType = 1;
			remoteGlobalIDString = A060B2E41BCD401100FA6D1B;
			remoteInfo = weixin2;
		};
		A060B3051BCD401100FA6D1B /* PBXContainerItemProxy */ = {
			isa = PBXContainerItemProxy;
			containerPortal = A060B2DD1BCD401100FA6D1B /* Project object */;
			proxyType = 1;
			remoteGlobalIDString = A060B2E41BCD401100FA6D1B;
			remoteInfo = weixin2;
		};
/* End PBXContainerItemProxy section */

/* Begin PBXFileReference section */
		A060B2E51BCD401100FA6D1B /* weixin2.app */ = {isa = PBXFileReference; explicitFileType = wrapper.application; includeInIndex = 0; path = weixin2.app; sourceTree = BUILT_PRODUCTS_DIR; };
		A060B2E81BCD401100FA6D1B /* AppDelegate.swift */ = {isa = PBXFileReference; lastKnownFileType = sourcecode.swift; path = AppDelegate.swift; sourceTree = "<group>"; };
		A060B2EA1BCD401100FA6D1B /* ViewController.swift */ = {isa = PBXFileReference; lastKnownFileType = sourcecode.swift; path = ViewController.swift; sourceTree = "<group>"; };
		A060B2ED1BCD401100FA6D1B /* Base */ = {isa = PBXFileReference; lastKnownFileType = file.storyboard; name = Base; path = Base.lproj/Main.storyboard; sourceTree = "<group>"; };
		A060B2EF1BCD401100FA6D1B /* Assets.xcassets */ = {isa = PBXFileReference; lastKnownFileType = folder.assetcatalog; path = Assets.xcassets; sourceTree = "<group>"; };
		A060B2F21BCD401100FA6D1B /* Base */ = {isa = PBXFileReference; lastKnownFileType = file.storyboard; name = Base; path = Base.lproj/LaunchScreen.storyboard; sourceTree = "<group>"; };
		A060B2F41BCD401100FA6D1B /* Info.plist */ = {isa = PBXFileReference; lastKnownFileType = text.plist.xml; path = Info.plist; sourceTree = "<group>"; };
		A060B2F91BCD401100FA6D1B /* weixin2Tests.xctest */ = {isa = PBXFileReference; explicitFileType = wrapper.cfbundle; includeInIndex = 0; path = weixin2Tests.xctest; sourceTree = BUILT_PRODUCTS_DIR; };
		A060B2FD1BCD401100FA6D1B /* weixin2Tests.swift */ = {isa = PBXFileReference; lastKnownFileType = sourcecode.swift; path = weixin2Tests.swift; sourceTree = "<group>"; };
		A060B2FF1BCD401100FA6D1B /* Info.plist */ = {isa = PBXFileReference; lastKnownFileType = text.plist.xml; path = Info.plist; sourceTree = "<group>"; };
		A060B3041BCD401100FA6D1B /* weixin2UITests.xctest */ = {isa = PBXFileReference; explicitFileType = wrapper.cfbundle; includeInIndex = 0; path = weixin2UITests.xctest; sourceTree = BUILT_PRODUCTS_DIR; };
		A060B3081BCD401100FA6D1B /* weixin2UITests.swift */ = {isa = PBXFileReference; lastKnownFileType = sourcecode.swift; path = weixin2UITests.swift; sourceTree = "<group>"; };
		A060B30A1BCD401100FA6D1B /* Info.plist */ = {isa = PBXFileReference; lastKnownFileType = text.plist.xml; path = Info.plist; sourceTree = "<group>"; };
/* End PBXFileReference section */

/* Begin PBXFrameworksBuildPhase section */
		A060B2E21BCD401100FA6D1B /* Frameworks */ = {
			isa = PBXFrameworksBuildPhase;
			buildActionMask = 2147483647;
			files = (
			);
			runOnlyForDeploymentPostprocessing = 0;
		};
		A060B2F61BCD401100FA6D1B /* Frameworks */ = {
			isa = PBXFrameworksBuildPhase;
			buildActionMask = 2147483647;
			files = (
			);
			runOnlyForDeploymentPostprocessing = 0;
		};
		A060B3011BCD401100FA6D1B /* Frameworks */ = {
			isa = PBXFrameworksBuildPhase;
			buildActionMask = 2147483647;
			files = (
			);
			runOnlyForDeploymentPostprocessing = 0;
		};
/* End PBXFrameworksBuildPhase section */

/* Begin PBXGroup section */
		A060B2DC1BCD401100FA6D1B = {
			isa = PBXGroup;
			children = (
				A060B2E71BCD401100FA6D1B /* weixin2 */,
				A060B2FC1BCD401100FA6D1B /* weixin2Tests */,
				A060B3071BCD401100FA6D1B /* weixin2UITests */,
				A060B2E61BCD401100FA6D1B /* Products */,
			);
			sourceTree = "<group>";
		};
		A060B2E61BCD401100FA6D1B /* Products */ = {
			isa = PBXGroup;
			children = (
				A060B2E51BCD401100FA6D1B /* weixin2.app */,
				A060B2F91BCD401100FA6D1B /* weixin2Tests.xctest */,
				A060B3041BCD401100FA6D1B /* weixin2UITests.xctest */,
			);
			name = Products;
			sourceTree = "<group>";
		};
		A060B2E71BCD401100FA6D1B /* weixin2 */ = {
			isa = PBXGroup;
			children = (
				A060B2E81BCD401100FA6D1B /* AppDelegate.swift */,
				A060B2EA1BCD401100FA6D1B /* ViewController.swift */,
				A060B2EC1BCD401100FA6D1B /* Main.storyboard */,
				A060B2EF1BCD401100FA6D1B /* Assets.xcassets */,
				A060B2F11BCD401100FA6D1B /* LaunchScreen.storyboard */,
				A060B2F41BCD401100FA6D1B /* Info.plist */,
			);
			path = weixin2;
			sourceTree = "<group>";
		};
		A060B2FC1BCD401100FA6D1B /* weixin2Tests */ = {
			isa = PBXGroup;
			children = (
				A060B2FD1BCD401100FA6D1B /* weixin2Tests.swift */,
				A060B2FF1BCD401100FA6D1B /* Info.plist */,
			);
			path = weixin2Tests;
			sourceTree = "<group>";
		};
		A060B3071BCD401100FA6D1B /* weixin2UITests */ = {
			isa = PBXGroup;
			children = (
				A060B3081BCD401100FA6D1B /* weixin2UITests.swift */,
				A060B30A1BCD401100FA6D1B /* Info.plist */,
			);
			path = weixin2UITests;
			sourceTree = "<group>";
		};
/* End PBXGroup section */

/* Begin PBXNativeTarget section */
		A060B2E41BCD401100FA6D1B /* weixin2 */ = {
			isa = PBXNativeTarget;
			buildConfigurationList = A060B30D1BCD401100FA6D1B /* Build configuration list for PBXNativeTarget "weixin2" */;
			buildPhases = (
				A060B2E11BCD401100FA6D1B /* Sources */,
				A060B2E21BCD401100FA6D1B /* Frameworks */,
				A060B2E31BCD401100FA6D1B /* Resources */,
			);
			buildRules = (
			);
			dependencies = (
			);
			name = weixin2;
			productName = weixin2;
			productReference = A060B2E51BCD401100FA6D1B /* weixin2.app */;
			productType = "com.apple.product-type.application";
		};
		A060B2F81BCD401100FA6D1B /* weixin2Tests */ = {
			isa = PBXNativeTarget;
			buildConfigurationList = A060B3101BCD401100FA6D1B /* Build configuration list for PBXNativeTarget "weixin2Tests" */;
			buildPhases = (
				A060B2F51BCD401100FA6D1B /* Sources */,
				A060B2F61BCD401100FA6D1B /* Frameworks */,
				A060B2F71BCD401100FA6D1B /* Resources */,
			);
			buildRules = (
			);
			dependencies = (
				A060B2FB1BCD401100FA6D1B /* PBXTargetDependency */,
			);
			name = weixin2Tests;
			productName = weixin2Tests;
			productReference = A060B2F91BCD401100FA6D1B /* weixin2Tests.xctest */;
			productType = "com.apple.product-type.bundle.unit-test";
		};
		A060B3031BCD401100FA6D1B /* weixin2UITests */ = {
			isa = PBXNativeTarget;
			buildConfigurationList = A060B3131BCD401100FA6D1B /* Build configuration list for PBXNativeTarget "weixin2UITests" */;
			buildPhases = (
				A060B3001BCD401100FA6D1B /* Sources */,
				A060B3011BCD401100FA6D1B /* Frameworks */,
				A060B3021BCD401100FA6D1B /* Resources */,
			);
			buildRules = (
			);
			dependencies = (
				A060B3061BCD401100FA6D1B /* PBXTargetDependency */,
			);
			name = weixin2UITests;
			productName = weixin2UITests;
			productReference = A060B3041BCD401100FA6D1B /* weixin2UITests.xctest */;
			productType = "com.apple.product-type.bundle.ui-testing";
		};
/* End PBXNativeTarget section */

/* Begin PBXProject section */
		A060B2DD1BCD401100FA6D1B /* Project object */ = {
			isa = PBXProject;
			attributes = {
				LastUpgradeCheck = 0700;
				ORGANIZATIONNAME = AppCode;
				TargetAttributes = {
					A060B2E41BCD401100FA6D1B = {
						CreatedOnToolsVersion = 7.0.1;
					};
					A060B2F81BCD401100FA6D1B = {
						CreatedOnToolsVersion = 7.0.1;
						TestTargetID = A060B2E41BCD401100FA6D1B;
					};
					A060B3031BCD401100FA6D1B = {
						CreatedOnToolsVersion = 7.0.1;
						TestTargetID = A060B2E41BCD401100FA6D1B;
					};
				};
			};
			buildConfigurationList = A060B2E01BCD401100FA6D1B /* Build configuration list for PBXProject "weixin2" */;
			compatibilityVersion = "Xcode 3.2";
			developmentRegion = English;
			hasScannedForEncodings = 0;
			knownRegions = (
				en,
				Base,
			);
			mainGroup = A060B2DC1BCD401100FA6D1B;
			productRefGroup = A060B2E61BCD401100FA6D1B /* Products */;
			projectDirPath = "";
			projectRoot = "";
			targets = (
				A060B2E41BCD401100FA6D1B /* weixin2 */,
				A060B2F81BCD401100FA6D1B /* weixin2Tests */,
				A060B3031BCD401100FA6D1B /* weixin2UITests */,
			);
		};
/* End PBXProject section */

/* Begin PBXResourcesBuildPhase section */
		A060B2E31BCD401100FA6D1B /* Resources */ = {
			isa = PBXResourcesBuildPhase;
			buildActionMask = 2147483647;
			files = (
				A060B2F31BCD401100FA6D1B /* LaunchScreen.storyboard in Resources */,
				A060B2F01BCD401100FA6D1B /* Assets.xcassets in Resources */,
				A060B2EE1BCD401100FA6D1B /* Main.storyboard in Resources */,
			);
			runOnlyForDeploymentPostprocessing = 0;
		};
		A060B2F71BCD401100FA6D1B /* Resources */ = {
			isa = PBXResourcesBuildPhase;
			buildActionMask = 2147483647;
			files = (
			);
			runOnlyForDeploymentPostprocessing = 0;
		};
		A060B3021BCD401100FA6D1B /* Resources */ = {
			isa = PBXResourcesBuildPhase;
			buildActionMask = 2147483647;
			files = (
			);
			runOnlyForDeploymentPostprocessing = 0;
		};
/* End PBXResourcesBuildPhase section */

/* Begin PBXSourcesBuildPhase section */
		A060B2E11BCD401100FA6D1B /* Sources */ = {
			isa = PBXSourcesBuildPhase;
			buildActionMask = 2147483647;
			files = (
				A060B2EB1BCD401100FA6D1B /* ViewController.swift in Sources */,
				A060B2E91BCD401100FA6D1B /* AppDelegate.swift in Sources */,
			);
			runOnlyForDeploymentPostprocessing = 0;
		};
		A060B2F51BCD401100FA6D1B /* Sources */ = {
			isa = PBXSourcesBuildPhase;
			buildActionMask = 2147483647;
			files = (
				A060B2FE1BCD401100FA6D1B /* weixin2Tests.swift in Sources */,
			);
			runOnlyForDeploymentPostprocessing = 0;
		};
		A060B3001BCD401100FA6D1B /* Sources */ = {
			isa = PBXSourcesBuildPhase;
			buildActionMask = 2147483647;
			files = (
				A060B3091BCD401100FA6D1B /* weixin2UITests.swift in Sources */,
			);
			runOnlyForDeploymentPostprocessing = 0;
		};
/* End PBXSourcesBuildPhase section */

/* Begin PBXTargetDependency section */
		A060B2FB1BCD401100FA6D1B /* PBXTargetDependency */ = {
			isa = PBXTargetDependency;
			target = A060B2E41BCD401100FA6D1B /* weixin2 */;
			targetProxy = A060B2FA1BCD401100FA6D1B /* PBXContainerItemProxy */;
		};
		A060B3061BCD401100FA6D1B /* PBXTargetDependency */ = {
			isa = PBXTargetDependency;
			target = A060B2E41BCD401100FA6D1B /* weixin2 */;
			targetProxy = A060B3051BCD401100FA6D1B /* PBXContainerItemProxy */;
		};
/* End PBXTargetDependency section */

/* Begin PBXVariantGroup section */
		A060B2EC1BCD401100FA6D1B /* Main.storyboard */ = {
			isa = PBXVariantGroup;
			children = (
				A060B2ED1BCD401100FA6D1B /* Base */,
			);
			name = Main.storyboard;
			sourceTree = "<group>";
		};
		A060B2F11BCD401100FA6D1B /* LaunchScreen.storyboard */ = {
			isa = PBXVariantGroup;
			children = (
				A060B2F21BCD401100FA6D1B /* Base */,
			);
			name = LaunchScreen.storyboard;
			sourceTree = "<group>";
		};
/* End PBXVariantGroup section */

/* Begin XCBuildConfiguration section */
		A060B30B1BCD401100FA6D1B /* Debug */ = {
			isa = XCBuildConfiguration;
			buildSettings = {
				ALWAYS_SEARCH_USER_PATHS = NO;
				CLANG_CXX_LANGUAGE_STANDARD = "gnu++0x";
				CLANG_CXX_LIBRARY = "libc++";
				CLANG_ENABLE_MODULES = YES;
				CLANG_ENABLE_OBJC_ARC = YES;
				CLANG_WARN_BOOL_CONVERSION = YES;
				CLANG_WARN_CONSTANT_CONVERSION = YES;
				CLANG_WARN_DIRECT_OBJC_ISA_USAGE = YES_ERROR;
				CLANG_WARN_EMPTY_BODY = YES;
				CLANG_WARN_ENUM_CONVERSION = YES;
				CLANG_WARN_INT_CONVERSION = YES;
				CLANG_WARN_OBJC_ROOT_CLASS = YES_ERROR;
				CLANG_WARN_UNREACHABLE_CODE = YES;
				CLANG_WARN__DUPLICATE_METHOD_MATCH = YES;
				"CODE_SIGN_IDENTITY[sdk=iphoneos*]" = "iPhone Developer";
				COPY_PHASE_STRIP = NO;
				DEBUG_INFORMATION_FORMAT = dwarf;
				ENABLE_STRICT_OBJC_MSGSEND = YES;
				ENABLE_TESTABILITY = YES;
				GCC_C_LANGUAGE_STANDARD = gnu99;
				GCC_DYNAMIC_NO_PIC = NO;
				GCC_NO_COMMON_BLOCKS = YES;
				GCC_OPTIMIZATION_LEVEL = 0;
				GCC_PREPROCESSOR_DEFINITIONS = (
					"DEBUG=1",
					"$(inherited)",
				);
				GCC_WARN_64_TO_32_BIT_CONVERSION = YES;
				GCC_WARN_ABOUT_RETURN_TYPE = YES_ERROR;
				GCC_WARN_UNDECLARED_SELECTOR = YES;
				GCC_WARN_UNINITIALIZED_AUTOS = YES_AGGRESSIVE;
				GCC_WARN_UNUSED_FUNCTION = YES;
				GCC_WARN_UNUSED_VARIABLE = YES;
				IPHONEOS_DEPLOYMENT_TARGET = 9.0;
				MTL_ENABLE_DEBUG_INFO = YES;
				ONLY_ACTIVE_ARCH = YES;
				SDKROOT = iphoneos;
				SWIFT_OPTIMIZATION_LEVEL = "-Onone";
			};
			name = Debug;
		};
		A060B30C1BCD401100FA6D1B /* Release */ = {
			isa = XCBuildConfiguration;
			buildSettings = {
				ALWAYS_SEARCH_USER_PATHS = NO;
				CLANG_CXX_LANGUAGE_STANDARD = "gnu++0x";
				CLANG_CXX_LIBRARY = "libc++";
				CLANG_ENABLE_MODULES = YES;
				CLANG_ENABLE_OBJC_ARC = YES;
				CLANG_WARN_BOOL_CONVERSION = YES;
				CLANG_WARN_CONSTANT_CONVERSION = YES;
				CLANG_WARN_DIRECT_OBJC_ISA_USAGE = YES_ERROR;
				CLANG_WARN_EMPTY_BODY = YES;
				CLANG_WARN_ENUM_CONVERSION = YES;
				CLANG_WARN_INT_CONVERSION = YES;
				CLANG_WARN_OBJC_ROOT_CLASS = YES_ERROR;
				CLANG_WARN_UNREACHABLE_CODE = YES;
				CLANG_WARN__DUPLICATE_METHOD_MATCH = YES;
				"CODE_SIGN_IDENTITY[sdk=iphoneos*]" = "iPhone Developer";
				COPY_PHASE_STRIP = NO;
				DEBUG_INFORMATION_FORMAT = "dwarf-with-dsym";
				ENABLE_NS_ASSERTIONS = NO;
				ENABLE_STRICT_OBJC_MSGSEND = YES;
				GCC_C_LANGUAGE_STANDARD = gnu99;
				GCC_NO_COMMON_BLOCKS = YES;
				GCC_WARN_64_TO_32_BIT_CONVERSION = YES;
				GCC_WARN_ABOUT_RETURN_TYPE = YES_ERROR;
				GCC_WARN_UNDECLARED_SELECTOR = YES;
				GCC_WARN_UNINITIALIZED_AUTOS = YES_AGGRESSIVE;
				GCC_WARN_UNUSED_FUNCTION = YES;
				GCC_WARN_UNUSED_VARIABLE = YES;
				IPHONEOS_DEPLOYMENT_TARGET = 9.0;
				MTL_ENABLE_DEBUG_INFO = NO;
				SDKROOT = iphoneos;
				VALIDATE_PRODUCT = YES;
			};
			name = Release;
		};
		A060B30E1BCD401100FA6D1B /* Debug */ = {
			isa = XCBuildConfiguration;
			buildSettings = {
				ASSETCATALOG_COMPILER_APPICON_NAME = AppIcon;
				INFOPLIST_FILE = weixin2/Info.plist;
				LD_RUNPATH_SEARCH_PATHS = "$(inherited) @executable_path/Frameworks";
				PRODUCT_BUNDLE_IDENTIFIER = edu.self.weixin2;
				PRODUCT_NAME = "$(TARGET_NAME)";
			};
			name = Debug;
		};
		A060B30F1BCD401100FA6D1B /* Release */ = {
			isa = XCBuildConfiguration;
			buildSettings = {
				ASSETCATALOG_COMPILER_APPICON_NAME = AppIcon;
				INFOPLIST_FILE = weixin2/Info.plist;
				LD_RUNPATH_SEARCH_PATHS = "$(inherited) @executable_path/Frameworks";
				PRODUCT_BUNDLE_IDENTIFIER = edu.self.weixin2;
				PRODUCT_NAME = "$(TARGET_NAME)";
			};
			name = Release;
		};
		A060B3111BCD401100FA6D1B /* Debug */ = {
			isa = XCBuildConfiguration;
			buildSettings = {
				BUNDLE_LOADER = "$(TEST_HOST)";
				INFOPLIST_FILE = weixin2Tests/Info.plist;
				LD_RUNPATH_SEARCH_PATHS = "$(inherited) @executable_path/Frameworks @loader_path/Frameworks";
				PRODUCT_BUNDLE_IDENTIFIER = edu.self.weixin2Tests;
				PRODUCT_NAME = "$(TARGET_NAME)";
				TEST_HOST = "$(BUILT_PRODUCTS_DIR)/weixin2.app/weixin2";
			};
			name = Debug;
		};
		A060B3121BCD401100FA6D1B /* Release */ = {
			isa = XCBuildConfiguration;
			buildSettings = {
				BUNDLE_LOADER = "$(TEST_HOST)";
				INFOPLIST_FILE = weixin2Tests/Info.plist;
				LD_RUNPATH_SEARCH_PATHS = "$(inherited) @executable_path/Frameworks @loader_path/Frameworks";
				PRODUCT_BUNDLE_IDENTIFIER = edu.self.weixin2Tests;
				PRODUCT_NAME = "$(TARGET_NAME)";
				TEST_HOST = "$(BUILT_PRODUCTS_DIR)/weixin2.app/weixin2";
			};
			name = Release;
		};
		A060B3141BCD401100FA6D1B /* Debug */ = {
			isa = XCBuildConfiguration;
			buildSettings = {
				INFOPLIST_FILE = weixin2UITests/Info.plist;
				LD_RUNPATH_SEARCH_PATHS = "$(inherited) @executable_path/Frameworks @loader_path/Frameworks";
				PRODUCT_BUNDLE_IDENTIFIER = edu.self.weixin2UITests;
				PRODUCT_NAME = "$(TARGET_NAME)";
				TEST_TARGET_NAME = weixin2;
				USES_XCTRUNNER = YES;
			};
			name = Debug;
		};
		A060B3151BCD401100FA6D1B /* Release */ = {
			isa = XCBuildConfiguration;
			buildSettings = {
				INFOPLIST_FILE = weixin2UITests/Info.plist;
				LD_RUNPATH_SEARCH_PATHS = "$(inherited) @executable_path/Frameworks @loader_path/Frameworks";
				PRODUCT_BUNDLE_IDENTIFIER = edu.self.weixin2UITests;
				PRODUCT_NAME = "$(TARGET_NAME)";
				TEST_TARGET_NAME = weixin2;
				USES_XCTRUNNER = YES;
			};
			name = Release;
		};
/* End XCBuildConfiguration section */

/* Begin XCConfigurationList section */
		A060B2E01BCD401100FA6D1B /* Build configuration list for PBXProject "weixin2" */ = {
			isa = XCConfigurationList;
			buildConfigurations = (
				A060B30B1BCD401100FA6D1B /* Debug */,
				A060B30C1BCD401100FA6D1B /* Release */,
			);
			defaultConfigurationIsVisible = 0;
			defaultConfigurationName = Release;
		};
		A060B30D1BCD401100FA6D1B /* Build configuration list for PBXNativeTarget "weixin2" */ = {
			isa = XCConfigurationList;
			buildConfigurations = (
				A060B30E1BCD401100FA6D1B /* Debug */,
				A060B30F1BCD401100FA6D1B /* Release */,
			);
			defaultConfigurationIsVisible = 0;
		};
		A060B3101BCD401100FA6D1B /* Build configuration list for PBXNativeTarget "weixin2Tests" */ = {
			isa = XCConfigurationList;
			buildConfigurations = (
				A060B3111BCD401100FA6D1B /* Debug */,
				A060B3121BCD401100FA6D1B /* Release */,
			);
			defaultConfigurationIsVisible = 0;
		};
		A060B3131BCD401100FA6D1B /* Build configuration list for PBXNativeTarget "weixin2UITests" */ = {
			isa = XCConfigurationList;
			buildConfigurations = (
				A060B3141BCD401100FA6D1B /* Debug */,
				A060B3151BCD401100FA6D1B /* Release */,
			);
			defaultConfigurationIsVisible = 0;
		};
/* End XCConfigurationList section */
	};
	rootObject = A060B2DD1BCD401100FA6D1B /* Project object */;
}
